// !$*UTF8*$!
{
	archiveVersion = 1;
	classes = {
	};
	objectVersion = 50;
	objects = {

/* Begin PBXBuildFile section */
		2628AD96256E317A00966E4F /* AppDelegate.m in Sources */ = {isa = PBXBuildFile; fileRef = 2628AD95256E317A00966E4F /* AppDelegate.m */; };
		2628AD99256E317A00966E4F /* Luc.xcdatamodeld in Sources */ = {isa = PBXBuildFile; fileRef = 2628AD97256E317A00966E4F /* Luc.xcdatamodeld */; };
		2628AD9B256E317E00966E4F /* Assets.xcassets in Resources */ = {isa = PBXBuildFile; fileRef = 2628AD9A256E317E00966E4F /* Assets.xcassets */; };
		2628AD9E256E317E00966E4F /* MainMenu.xib in Resources */ = {isa = PBXBuildFile; fileRef = 2628AD9C256E317E00966E4F /* MainMenu.xib */; };
		2628ADA1256E317E00966E4F /* main.m in Sources */ = {isa = PBXBuildFile; fileRef = 2628ADA0256E317E00966E4F /* main.m */; };
		2628ADAB256E333000966E4F /* GameView.m in Sources */ = {isa = PBXBuildFile; fileRef = 2628ADAA256E333000966E4F /* GameView.m */; };
		2628ADAD256E37B500966E4F /* DefaultShader.metal in Sources */ = {isa = PBXBuildFile; fileRef = 2628ADAC256E37B500966E4F /* DefaultShader.metal */; };
		2628ADB2256E424600966E4F /* RendererCore.h in Sources */ = {isa = PBXBuildFile; fileRef = 2628ADB1256E424600966E4F /* RendererCore.h */; };
		2640114D256EAFCE00A060D0 /* VertexDescriptor.m in Sources */ = {isa = PBXBuildFile; fileRef = 2640114C256EAFCE00A060D0 /* VertexDescriptor.m */; };
		26401153256EBA6A00A060D0 /* RenderPipelineDescriptor.m in Sources */ = {isa = PBXBuildFile; fileRef = 26401151256EBA6A00A060D0 /* RenderPipelineDescriptor.m */; };
		26859EF3256E862D003E71E8 /* DefaultShaderClass.m in Sources */ = {isa = PBXBuildFile; fileRef = 26859EF2256E862D003E71E8 /* DefaultShaderClass.m */; };
		26859EF5256E8787003E71E8 /* Shader.m in Sources */ = {isa = PBXBuildFile; fileRef = 26859EF4256E8787003E71E8 /* Shader.m */; };
		26859EF8256E8BD0003E71E8 /* ShaderLibrary.m in Sources */ = {isa = PBXBuildFile; fileRef = 26859EF7256E8BD0003E71E8 /* ShaderLibrary.m */; };
		26DCB197256E42FB0034B370 /* RendererCore.m in Sources */ = {isa = PBXBuildFile; fileRef = 26DCB196256E42FB0034B370 /* RendererCore.m */; };
/* End PBXBuildFile section */

/* Begin PBXFileReference section */
		2628AD91256E317A00966E4F /* Luc.app */ = {isa = PBXFileReference; explicitFileType = wrapper.application; includeInIndex = 0; path = Luc.app; sourceTree = BUILT_PRODUCTS_DIR; };
		2628AD94256E317A00966E4F /* AppDelegate.h */ = {isa = PBXFileReference; lastKnownFileType = sourcecode.c.h; path = AppDelegate.h; sourceTree = "<group>"; };
		2628AD95256E317A00966E4F /* AppDelegate.m */ = {isa = PBXFileReference; lastKnownFileType = sourcecode.c.objc; path = AppDelegate.m; sourceTree = "<group>"; };
		2628AD98256E317A00966E4F /* Luc.xcdatamodel */ = {isa = PBXFileReference; lastKnownFileType = wrapper.xcdatamodel; path = Luc.xcdatamodel; sourceTree = "<group>"; };
		2628AD9A256E317E00966E4F /* Assets.xcassets */ = {isa = PBXFileReference; lastKnownFileType = folder.assetcatalog; path = Assets.xcassets; sourceTree = "<group>"; };
		2628AD9D256E317E00966E4F /* Base */ = {isa = PBXFileReference; lastKnownFileType = file.xib; name = Base; path = Base.lproj/MainMenu.xib; sourceTree = "<group>"; };
		2628AD9F256E317E00966E4F /* Info.plist */ = {isa = PBXFileReference; lastKnownFileType = text.plist.xml; path = Info.plist; sourceTree = "<group>"; };
		2628ADA0256E317E00966E4F /* main.m */ = {isa = PBXFileReference; lastKnownFileType = sourcecode.c.objc; path = main.m; sourceTree = "<group>"; };
		2628ADA2256E317E00966E4F /* Luc.entitlements */ = {isa = PBXFileReference; lastKnownFileType = text.plist.entitlements; path = Luc.entitlements; sourceTree = "<group>"; };
		2628ADA8256E31E400966E4F /* GameView.h */ = {isa = PBXFileReference; lastKnownFileType = sourcecode.c.h; path = GameView.h; sourceTree = "<group>"; };
		2628ADAA256E333000966E4F /* GameView.m */ = {isa = PBXFileReference; lastKnownFileType = sourcecode.c.objc; path = GameView.m; sourceTree = "<group>"; };
		2628ADAC256E37B500966E4F /* DefaultShader.metal */ = {isa = PBXFileReference; lastKnownFileType = sourcecode.metal; path = DefaultShader.metal; sourceTree = "<group>"; };
		2628ADB1256E424600966E4F /* RendererCore.h */ = {isa = PBXFileReference; lastKnownFileType = sourcecode.c.h; path = RendererCore.h; sourceTree = "<group>"; };
		2640114C256EAFCE00A060D0 /* VertexDescriptor.m */ = {isa = PBXFileReference; lastKnownFileType = sourcecode.c.objc; path = VertexDescriptor.m; sourceTree = "<group>"; };
		26401151256EBA6A00A060D0 /* RenderPipelineDescriptor.m */ = {isa = PBXFileReference; fileEncoding = 4; lastKnownFileType = sourcecode.c.objc; path = RenderPipelineDescriptor.m; sourceTree = "<group>"; };
		26401152256EBA6A00A060D0 /* RenderPipelineDescriptor.h */ = {isa = PBXFileReference; fileEncoding = 4; lastKnownFileType = sourcecode.c.h; path = RenderPipelineDescriptor.h; sourceTree = "<group>"; };
		26859EEE256E8476003E71E8 /* Shader.h */ = {isa = PBXFileReference; lastKnownFileType = sourcecode.c.h; path = Shader.h; sourceTree = "<group>"; };
		26859EF1256E857D003E71E8 /* DefaultShaderClass.h */ = {isa = PBXFileReference; lastKnownFileType = sourcecode.c.h; path = DefaultShaderClass.h; sourceTree = "<group>"; };
		26859EF2256E862D003E71E8 /* DefaultShaderClass.m */ = {isa = PBXFileReference; lastKnownFileType = sourcecode.c.objc; path = DefaultShaderClass.m; sourceTree = "<group>"; };
		26859EF4256E8787003E71E8 /* Shader.m */ = {isa = PBXFileReference; lastKnownFileType = sourcecode.c.objc; path = Shader.m; sourceTree = "<group>"; };
		26859EF6256E8B9B003E71E8 /* ShaderLibrary.h */ = {isa = PBXFileReference; lastKnownFileType = sourcecode.c.h; path = ShaderLibrary.h; sourceTree = "<group>"; };
		26859EF7256E8BD0003E71E8 /* ShaderLibrary.m */ = {isa = PBXFileReference; lastKnownFileType = sourcecode.c.objc; path = ShaderLibrary.m; sourceTree = "<group>"; };
		26ABB137256EAD0900F18453 /* VertexDescriptor.h */ = {isa = PBXFileReference; lastKnownFileType = sourcecode.c.h; path = VertexDescriptor.h; sourceTree = "<group>"; };
		26DCB196256E42FB0034B370 /* RendererCore.m */ = {isa = PBXFileReference; lastKnownFileType = sourcecode.c.objc; path = RendererCore.m; sourceTree = "<group>"; };
/* End PBXFileReference section */

/* Begin PBXFrameworksBuildPhase section */
		2628AD8E256E317A00966E4F /* Frameworks */ = {
			isa = PBXFrameworksBuildPhase;
			buildActionMask = 2147483647;
			files = (
			);
			runOnlyForDeploymentPostprocessing = 0;
		};
/* End PBXFrameworksBuildPhase section */

/* Begin PBXGroup section */
		2628AD88256E317A00966E4F = {
			isa = PBXGroup;
			children = (
				2628AD93256E317A00966E4F /* Luc */,
				2628AD92256E317A00966E4F /* Products */,
			);
			sourceTree = "<group>";
		};
		2628AD92256E317A00966E4F /* Products */ = {
			isa = PBXGroup;
			children = (
				2628AD91256E317A00966E4F /* Luc.app */,
			);
			name = Products;
			sourceTree = "<group>";
		};
		2628AD93256E317A00966E4F /* Luc */ = {
			isa = PBXGroup;
			children = (
				26859EED256E8386003E71E8 /* Wrappers */,
				2628ADB0256E421900966E4F /* Core */,
				2628ADAF256E41F200966E4F /* View */,
				2628ADAE256E41DA00966E4F /* Shaders */,
				2628ADA9256E321400966E4F /* Misc Files */,
				2628AD9F256E317E00966E4F /* Info.plist */,
				2628AD9C256E317E00966E4F /* MainMenu.xib */,
				2628ADA0256E317E00966E4F /* main.m */,
			);
			path = Luc;
			sourceTree = "<group>";
		};
		2628ADA9256E321400966E4F /* Misc Files */ = {
			isa = PBXGroup;
			children = (
				2628AD95256E317A00966E4F /* AppDelegate.m */,
				2628AD94256E317A00966E4F /* AppDelegate.h */,
				2628ADA2256E317E00966E4F /* Luc.entitlements */,
				2628AD97256E317A00966E4F /* Luc.xcdatamodeld */,
				2628AD9A256E317E00966E4F /* Assets.xcassets */,
			);
			path = "Misc Files";
			sourceTree = "<group>";
		};
		2628ADAE256E41DA00966E4F /* Shaders */ = {
			isa = PBXGroup;
			children = (
				2628ADAC256E37B500966E4F /* DefaultShader.metal */,
				26859EF1256E857D003E71E8 /* DefaultShaderClass.h */,
				26859EF2256E862D003E71E8 /* DefaultShaderClass.m */,
			);
			path = Shaders;
			sourceTree = "<group>";
		};
		2628ADAF256E41F200966E4F /* View */ = {
			isa = PBXGroup;
			children = (
				2628ADA8256E31E400966E4F /* GameView.h */,
				2628ADAA256E333000966E4F /* GameView.m */,
			);
			path = View;
			sourceTree = "<group>";
		};
		2628ADB0256E421900966E4F /* Core */ = {
			isa = PBXGroup;
			children = (
				2628ADB1256E424600966E4F /* RendererCore.h */,
				26DCB196256E42FB0034B370 /* RendererCore.m */,
			);
			path = Core;
			sourceTree = "<group>";
		};
		26859EED256E8386003E71E8 /* Wrappers */ = {
			isa = PBXGroup;
			children = (
				26401152256EBA6A00A060D0 /* RenderPipelineDescriptor.h */,
				26401151256EBA6A00A060D0 /* RenderPipelineDescriptor.m */,
				26859EEE256E8476003E71E8 /* Shader.h */,
				26859EF4256E8787003E71E8 /* Shader.m */,
				26859EF6256E8B9B003E71E8 /* ShaderLibrary.h */,
				26859EF7256E8BD0003E71E8 /* ShaderLibrary.m */,
				26ABB137256EAD0900F18453 /* VertexDescriptor.h */,
				2640114C256EAFCE00A060D0 /* VertexDescriptor.m */,
			);
			path = Wrappers;
			sourceTree = "<group>";
		};
/* End PBXGroup section */

/* Begin PBXNativeTarget section */
		2628AD90256E317A00966E4F /* Luc */ = {
			isa = PBXNativeTarget;
			buildConfigurationList = 2628ADA5256E317E00966E4F /* Build configuration list for PBXNativeTarget "Luc" */;
			buildPhases = (
				2628AD8D256E317A00966E4F /* Sources */,
				2628AD8E256E317A00966E4F /* Frameworks */,
				2628AD8F256E317A00966E4F /* Resources */,
			);
			buildRules = (
			);
			dependencies = (
			);
			name = Luc;
			productName = Luc;
			productReference = 2628AD91256E317A00966E4F /* Luc.app */;
			productType = "com.apple.product-type.application";
		};
/* End PBXNativeTarget section */

/* Begin PBXProject section */
		2628AD89256E317A00966E4F /* Project object */ = {
			isa = PBXProject;
			attributes = {
				LastUpgradeCheck = 1140;
				ORGANIZATIONNAME = Sausty;
				TargetAttributes = {
					2628AD90256E317A00966E4F = {
						CreatedOnToolsVersion = 11.4.1;
					};
				};
			};
			buildConfigurationList = 2628AD8C256E317A00966E4F /* Build configuration list for PBXProject "Luc" */;
			compatibilityVersion = "Xcode 9.3";
			developmentRegion = en;
			hasScannedForEncodings = 0;
			knownRegions = (
				en,
				Base,
			);
			mainGroup = 2628AD88256E317A00966E4F;
			productRefGroup = 2628AD92256E317A00966E4F /* Products */;
			projectDirPath = "";
			projectRoot = "";
			targets = (
				2628AD90256E317A00966E4F /* Luc */,
			);
		};
/* End PBXProject section */

/* Begin PBXResourcesBuildPhase section */
		2628AD8F256E317A00966E4F /* Resources */ = {
			isa = PBXResourcesBuildPhase;
			buildActionMask = 2147483647;
			files = (
				2628AD9B256E317E00966E4F /* Assets.xcassets in Resources */,
				2628AD9E256E317E00966E4F /* MainMenu.xib in Resources */,
			);
			runOnlyForDeploymentPostprocessing = 0;
		};
/* End PBXResourcesBuildPhase section */

/* Begin PBXSourcesBuildPhase section */
		2628AD8D256E317A00966E4F /* Sources */ = {
			isa = PBXSourcesBuildPhase;
			buildActionMask = 2147483647;
			files = (
				26859EF8256E8BD0003E71E8 /* ShaderLibrary.m in Sources */,
				2628AD99256E317A00966E4F /* Luc.xcdatamodeld in Sources */,
				26859EF3256E862D003E71E8 /* DefaultShaderClass.m in Sources */,
				2628ADA1256E317E00966E4F /* main.m in Sources */,
				2628ADAB256E333000966E4F /* GameView.m in Sources */,
				2628ADB2256E424600966E4F /* RendererCore.h in Sources */,
				2628AD96256E317A00966E4F /* AppDelegate.m in Sources */,
				26DCB197256E42FB0034B370 /* RendererCore.m in Sources */,
				26859EF5256E8787003E71E8 /* Shader.m in Sources */,
				2640114D256EAFCE00A060D0 /* VertexDescriptor.m in Sources */,
				26401153256EBA6A00A060D0 /* RenderPipelineDescriptor.m in Sources */,
				2628ADAD256E37B500966E4F /* DefaultShader.metal in Sources */,
			);
			runOnlyForDeploymentPostprocessing = 0;
		};
/* End PBXSourcesBuildPhase section */

/* Begin PBXVariantGroup section */
		2628AD9C256E317E00966E4F /* MainMenu.xib */ = {
			isa = PBXVariantGroup;
			children = (
				2628AD9D256E317E00966E4F /* Base */,
			);
			name = MainMenu.xib;
			sourceTree = "<group>";
		};
/* End PBXVariantGroup section */

/* Begin XCBuildConfiguration section */
		2628ADA3256E317E00966E4F /* Debug */ = {
			isa = XCBuildConfiguration;
			buildSettings = {
				ALWAYS_SEARCH_USER_PATHS = NO;
				CLANG_ANALYZER_NONNULL = YES;
				CLANG_ANALYZER_NUMBER_OBJECT_CONVERSION = YES_AGGRESSIVE;
				CLANG_CXX_LANGUAGE_STANDARD = "gnu++14";
				CLANG_CXX_LIBRARY = "libc++";
				CLANG_ENABLE_MODULES = YES;
				CLANG_ENABLE_OBJC_ARC = YES;
				CLANG_ENABLE_OBJC_WEAK = YES;
				CLANG_WARN_BLOCK_CAPTURE_AUTORELEASING = YES;
				CLANG_WARN_BOOL_CONVERSION = YES;
				CLANG_WARN_COMMA = YES;
				CLANG_WARN_CONSTANT_CONVERSION = YES;
				CLANG_WARN_DEPRECATED_OBJC_IMPLEMENTATIONS = YES;
				CLANG_WARN_DIRECT_OBJC_ISA_USAGE = YES_ERROR;
				CLANG_WARN_DOCUMENTATION_COMMENTS = YES;
				CLANG_WARN_EMPTY_BODY = YES;
				CLANG_WARN_ENUM_CONVERSION = YES;
				CLANG_WARN_INFINITE_RECURSION = YES;
				CLANG_WARN_INT_CONVERSION = YES;
				CLANG_WARN_NON_LITERAL_NULL_CONVERSION = YES;
				CLANG_WARN_OBJC_IMPLICIT_RETAIN_SELF = YES;
				CLANG_WARN_OBJC_LITERAL_CONVERSION = YES;
				CLANG_WARN_OBJC_ROOT_CLASS = YES_ERROR;
				CLANG_WARN_RANGE_LOOP_ANALYSIS = YES;
				CLANG_WARN_STRICT_PROTOTYPES = YES;
				CLANG_WARN_SUSPICIOUS_MOVE = YES;
				CLANG_WARN_UNGUARDED_AVAILABILITY = YES_AGGRESSIVE;
				CLANG_WARN_UNREACHABLE_CODE = YES;
				CLANG_WARN__DUPLICATE_METHOD_MATCH = YES;
				COPY_PHASE_STRIP = NO;
				DEBUG_INFORMATION_FORMAT = dwarf;
				ENABLE_STRICT_OBJC_MSGSEND = YES;
				ENABLE_TESTABILITY = YES;
				GCC_C_LANGUAGE_STANDARD = gnu11;
				GCC_DYNAMIC_NO_PIC = NO;
				GCC_NO_COMMON_BLOCKS = YES;
				GCC_OPTIMIZATION_LEVEL = 0;
				GCC_PREPROCESSOR_DEFINITIONS = (
					"DEBUG=1",
					"$(inherited)",
				);
				GCC_WARN_64_TO_32_BIT_CONVERSION = YES;
				GCC_WARN_ABOUT_RETURN_TYPE = YES_ERROR;
				GCC_WARN_UNDECLARED_SELECTOR = YES;
				GCC_WARN_UNINITIALIZED_AUTOS = YES_AGGRESSIVE;
				GCC_WARN_UNUSED_FUNCTION = YES;
				GCC_WARN_UNUSED_VARIABLE = YES;
				MACOSX_DEPLOYMENT_TARGET = 10.15;
				MTL_ENABLE_DEBUG_INFO = INCLUDE_SOURCE;
				MTL_FAST_MATH = YES;
				ONLY_ACTIVE_ARCH = YES;
				SDKROOT = macosx;
			};
			name = Debug;
		};
		2628ADA4256E317E00966E4F /* Release */ = {
			isa = XCBuildConfiguration;
			buildSettings = {
				ALWAYS_SEARCH_USER_PATHS = NO;
				CLANG_ANALYZER_NONNULL = YES;
				CLANG_ANALYZER_NUMBER_OBJECT_CONVERSION = YES_AGGRESSIVE;
				CLANG_CXX_LANGUAGE_STANDARD = "gnu++14";
				CLANG_CXX_LIBRARY = "libc++";
				CLANG_ENABLE_MODULES = YES;
				CLANG_ENABLE_OBJC_ARC = YES;
				CLANG_ENABLE_OBJC_WEAK = YES;
				CLANG_WARN_BLOCK_CAPTURE_AUTORELEASING = YES;
				CLANG_WARN_BOOL_CONVERSION = YES;
				CLANG_WARN_COMMA = YES;
				CLANG_WARN_CONSTANT_CONVERSION = YES;
				CLANG_WARN_DEPRECATED_OBJC_IMPLEMENTATIONS = YES;
				CLANG_WARN_DIRECT_OBJC_ISA_USAGE = YES_ERROR;
				CLANG_WARN_DOCUMENTATION_COMMENTS = YES;
				CLANG_WARN_EMPTY_BODY = YES;
				CLANG_WARN_ENUM_CONVERSION = YES;
				CLANG_WARN_INFINITE_RECURSION = YES;
				CLANG_WARN_INT_CONVERSION = YES;
				CLANG_WARN_NON_LITERAL_NULL_CONVERSION = YES;
				CLANG_WARN_OBJC_IMPLICIT_RETAIN_SELF = YES;
				CLANG_WARN_OBJC_LITERAL_CONVERSION = YES;
				CLANG_WARN_OBJC_ROOT_CLASS = YES_ERROR;
				CLANG_WARN_RANGE_LOOP_ANALYSIS = YES;
				CLANG_WARN_STRICT_PROTOTYPES = YES;
				CLANG_WARN_SUSPICIOUS_MOVE = YES;
				CLANG_WARN_UNGUARDED_AVAILABILITY = YES_AGGRESSIVE;
				CLANG_WARN_UNREACHABLE_CODE = YES;
				CLANG_WARN__DUPLICATE_METHOD_MATCH = YES;
				COPY_PHASE_STRIP = NO;
				DEBUG_INFORMATION_FORMAT = "dwarf-with-dsym";
				ENABLE_NS_ASSERTIONS = NO;
				ENABLE_STRICT_OBJC_MSGSEND = YES;
				GCC_C_LANGUAGE_STANDARD = gnu11;
				GCC_NO_COMMON_BLOCKS = YES;
				GCC_WARN_64_TO_32_BIT_CONVERSION = YES;
				GCC_WARN_ABOUT_RETURN_TYPE = YES_ERROR;
				GCC_WARN_UNDECLARED_SELECTOR = YES;
				GCC_WARN_UNINITIALIZED_AUTOS = YES_AGGRESSIVE;
				GCC_WARN_UNUSED_FUNCTION = YES;
				GCC_WARN_UNUSED_VARIABLE = YES;
				MACOSX_DEPLOYMENT_TARGET = 10.15;
				MTL_ENABLE_DEBUG_INFO = NO;
				MTL_FAST_MATH = YES;
				SDKROOT = macosx;
			};
			name = Release;
		};
		2628ADA6256E317E00966E4F /* Debug */ = {
			isa = XCBuildConfiguration;
			buildSettings = {
				ASSETCATALOG_COMPILER_APPICON_NAME = AppIcon;
				CODE_SIGN_ENTITLEMENTS = Luc/Luc.entitlements;
				CODE_SIGN_STYLE = Automatic;
				COMBINE_HIDPI_IMAGES = YES;
				DEVELOPMENT_ASSET_PATHS = "";
				INFOPLIST_FILE = Luc/Info.plist;
				LD_RUNPATH_SEARCH_PATHS = (
					"$(inherited)",
					"@executable_path/../Frameworks",
				);
				MACOSX_DEPLOYMENT_TARGET = 10.15;
				PRODUCT_BUNDLE_IDENTIFIER = "com.github-Sausty.Luc";
				PRODUCT_NAME = "$(TARGET_NAME)";
			};
			name = Debug;
		};
		2628ADA7256E317E00966E4F /* Release */ = {
			isa = XCBuildConfiguration;
			buildSettings = {
				ASSETCATALOG_COMPILER_APPICON_NAME = AppIcon;
				CODE_SIGN_ENTITLEMENTS = Luc/Luc.entitlements;
				CODE_SIGN_STYLE = Automatic;
				COMBINE_HIDPI_IMAGES = YES;
				DEVELOPMENT_ASSET_PATHS = "";
				INFOPLIST_FILE = Luc/Info.plist;
				LD_RUNPATH_SEARCH_PATHS = (
					"$(inherited)",
					"@executable_path/../Frameworks",
				);
				MACOSX_DEPLOYMENT_TARGET = 10.15;
				PRODUCT_BUNDLE_IDENTIFIER = "com.github-Sausty.Luc";
				PRODUCT_NAME = "$(TARGET_NAME)";
			};
			name = Release;
		};
/* End XCBuildConfiguration section */

/* Begin XCConfigurationList section */
		2628AD8C256E317A00966E4F /* Build configuration list for PBXProject "Luc" */ = {
			isa = XCConfigurationList;
			buildConfigurations = (
				2628ADA3256E317E00966E4F /* Debug */,
				2628ADA4256E317E00966E4F /* Release */,
			);
			defaultConfigurationIsVisible = 0;
			defaultConfigurationName = Release;
		};
		2628ADA5256E317E00966E4F /* Build configuration list for PBXNativeTarget "Luc" */ = {
			isa = XCConfigurationList;
			buildConfigurations = (
				2628ADA6256E317E00966E4F /* Debug */,
				2628ADA7256E317E00966E4F /* Release */,
			);
			defaultConfigurationIsVisible = 0;
			defaultConfigurationName = Release;
		};
/* End XCConfigurationList section */

/* Begin XCVersionGroup section */
		2628AD97256E317A00966E4F /* Luc.xcdatamodeld */ = {
			isa = XCVersionGroup;
			children = (
				2628AD98256E317A00966E4F /* Luc.xcdatamodel */,
			);
			currentVersion = 2628AD98256E317A00966E4F /* Luc.xcdatamodel */;
			path = Luc.xcdatamodeld;
			sourceTree = "<group>";
			versionGroupType = wrapper.xcdatamodel;
		};
/* End XCVersionGroup section */
	};
	rootObject = 2628AD89256E317A00966E4F /* Project object */;
}
